
Microsoft Visual Studio Solution File, Format Version 12.00
# Visual Studio Version 17
VisualStudioVersion = 17.14.36414.22 d17.14
MinimumVisualStudioVersion = 10.0.40219.1
Project("{FAE04EC0-301F-11D3-BF4B-00C04F79EFBC}") = "Api", "Api\Api.csproj", "{C485F065-72EF-464D-A756-CBCE6E2E73FA}"
EndProject
Project("{FAE04EC0-301F-11D3-BF4B-00C04F79EFBC}") = "Domain", "Domain\Domain.csproj", "{9422DCF3-F236-4262-8C70-9DA22B841744}"
EndProject
Project("{FAE04EC0-301F-11D3-BF4B-00C04F79EFBC}") = "Infrastructure", "Infrastructure\Infrastructure.csproj", "{6E89A874-EEAE-4639-9CC7-A0D2489FBCC1}"
EndProject
Project("{FAE04EC0-301F-11D3-BF4B-00C04F79EFBC}") = "Shared", "Shared\Shared.csproj", "{52038FCF-C6D8-486F-BF68-8452AF2EAEB8}"
EndProject
Project("{FAE04EC0-301F-11D3-BF4B-00C04F79EFBC}") = "Application", "Application\Application.csproj", "{0765CDB2-66EB-4745-9047-B0E2D637079F}"
EndProject
Project("{FAE04EC0-301F-11D3-BF4B-00C04F79EFBC}") = "Test", "test\Test.csproj", "{BC551ADE-E9F1-4353-9E5E-BAD9B0571B19}"
EndProject
Global
	GlobalSection(SolutionConfigurationPlatforms) = preSolution
		Debug|Any CPU = Debug|Any CPU
		Release|Any CPU = Release|Any CPU
	EndGlobalSection
	GlobalSection(ProjectConfigurationPlatforms) = postSolution
		{C485F065-72EF-464D-A756-CBCE6E2E73FA}.Debug|Any CPU.ActiveCfg = Debug|Any CPU
		{C485F065-72EF-464D-A756-CBCE6E2E73FA}.Debug|Any CPU.Build.0 = Debug|Any CPU
		{C485F065-72EF-464D-A756-CBCE6E2E73FA}.Release|Any CPU.ActiveCfg = Release|Any CPU
		{C485F065-72EF-464D-A756-CBCE6E2E73FA}.Release|Any CPU.Build.0 = Release|Any CPU
		{9422DCF3-F236-4262-8C70-9DA22B841744}.Debug|Any CPU.ActiveCfg = Debug|Any CPU
		{9422DCF3-F236-4262-8C70-9DA22B841744}.Debug|Any CPU.Build.0 = Debug|Any CPU
		{9422DCF3-F236-4262-8C70-9DA22B841744}.Release|Any CPU.ActiveCfg = Release|Any CPU
		{9422DCF3-F236-4262-8C70-9DA22B841744}.Release|Any CPU.Build.0 = Release|Any CPU
		{6E89A874-EEAE-4639-9CC7-A0D2489FBCC1}.Debug|Any CPU.ActiveCfg = Debug|Any CPU
		{6E89A874-EEAE-4639-9CC7-A0D2489FBCC1}.Debug|Any CPU.Build.0 = Debug|Any CPU
		{6E89A874-EEAE-4639-9CC7-A0D2489FBCC1}.Release|Any CPU.ActiveCfg = Release|Any CPU
		{6E89A874-EEAE-4639-9CC7-A0D2489FBCC1}.Release|Any CPU.Build.0 = Release|Any CPU
		{52038FCF-C6D8-486F-BF68-8452AF2EAEB8}.Debug|Any CPU.ActiveCfg = Debug|Any CPU
		{52038FCF-C6D8-486F-BF68-8452AF2EAEB8}.Debug|Any CPU.Build.0 = Debug|Any CPU
		{52038FCF-C6D8-486F-BF68-8452AF2EAEB8}.Release|Any CPU.ActiveCfg = Release|Any CPU
		{52038FCF-C6D8-486F-BF68-8452AF2EAEB8}.Release|Any CPU.Build.0 = Release|Any CPU
		{0765CDB2-66EB-4745-9047-B0E2D637079F}.Debug|Any CPU.ActiveCfg = Debug|Any CPU
		{0765CDB2-66EB-4745-9047-B0E2D637079F}.Debug|Any CPU.Build.0 = Debug|Any CPU
		{0765CDB2-66EB-4745-9047-B0E2D637079F}.Release|Any CPU.ActiveCfg = Release|Any CPU
		{0765CDB2-66EB-4745-9047-B0E2D637079F}.Release|Any CPU.Build.0 = Release|Any CPU
		{BC551ADE-E9F1-4353-9E5E-BAD9B0571B19}.Debug|Any CPU.ActiveCfg = Debug|Any CPU
		{BC551ADE-E9F1-4353-9E5E-BAD9B0571B19}.Debug|Any CPU.Build.0 = Debug|Any CPU
		{BC551ADE-E9F1-4353-9E5E-BAD9B0571B19}.Release|Any CPU.ActiveCfg = Release|Any CPU
		{BC551ADE-E9F1-4353-9E5E-BAD9B0571B19}.Release|Any CPU.Build.0 = Release|Any CPU
	EndGlobalSection
	GlobalSection(SolutionProperties) = preSolution
		HideSolutionNode = FALSE
	EndGlobalSection
	GlobalSection(ExtensibilityGlobals) = postSolution
		SolutionGuid = {7D8EC639-D8ED-446D-98FA-0A0F3A8F8D0E}
	EndGlobalSection
EndGlobal
